// !$*UTF8*$!
{
	archiveVersion = 1;
	classes = {
	};
	objectVersion = 50;
	objects = {

/* Begin PBXBuildFile section */
		1579D7F826911365007633C3 /* AhmedAmin_Assignment_Tests.swift in Sources */ = {isa = PBXBuildFile; fileRef = 1579D7F726911365007633C3 /* AhmedAmin_Assignment_Tests.swift */; };
		1579D80626911376007633C3 /* AhmedAmin_Assignment_UITests.swift in Sources */ = {isa = PBXBuildFile; fileRef = 1579D80526911376007633C3 /* AhmedAmin_Assignment_UITests.swift */; };
		1579D80E269113AF007633C3 /* PedometerTests.swift in Sources */ = {isa = PBXBuildFile; fileRef = 1579D80D269113AF007633C3 /* PedometerTests.swift */; };
		15DEECF7268E013800B26CB9 /* AppDelegate.swift in Sources */ = {isa = PBXBuildFile; fileRef = 15DEECF6268E013800B26CB9 /* AppDelegate.swift */; };
		15DEECF9268E013800B26CB9 /* SceneDelegate.swift in Sources */ = {isa = PBXBuildFile; fileRef = 15DEECF8268E013800B26CB9 /* SceneDelegate.swift */; };
		15DEECFB268E013800B26CB9 /* ViewController.swift in Sources */ = {isa = PBXBuildFile; fileRef = 15DEECFA268E013800B26CB9 /* ViewController.swift */; };
		15DEECFE268E013800B26CB9 /* Main.storyboard in Resources */ = {isa = PBXBuildFile; fileRef = 15DEECFC268E013800B26CB9 /* Main.storyboard */; };
		15DEED00268E013900B26CB9 /* Assets.xcassets in Resources */ = {isa = PBXBuildFile; fileRef = 15DEECFF268E013900B26CB9 /* Assets.xcassets */; };
		15DEED03268E013900B26CB9 /* LaunchScreen.storyboard in Resources */ = {isa = PBXBuildFile; fileRef = 15DEED01268E013900B26CB9 /* LaunchScreen.storyboard */; };
		15DEED10268E020500B26CB9 /* Pedometer.swift in Sources */ = {isa = PBXBuildFile; fileRef = 15DEED0F268E020500B26CB9 /* Pedometer.swift */; };
		15DEED12268E080700B26CB9 /* TripCashing.swift in Sources */ = {isa = PBXBuildFile; fileRef = 15DEED11268E080700B26CB9 /* TripCashing.swift */; };
		15DEED14268E081A00B26CB9 /* Trip.swift in Sources */ = {isa = PBXBuildFile; fileRef = 15DEED13268E081A00B26CB9 /* Trip.swift */; };
/* End PBXBuildFile section */

/* Begin PBXContainerItemProxy section */
		1579D7FA26911365007633C3 /* PBXContainerItemProxy */ = {
			isa = PBXContainerItemProxy;
			containerPortal = 15DEECEB268E013800B26CB9 /* Project object */;
			proxyType = 1;
			remoteGlobalIDString = 15DEECF2268E013800B26CB9;
			remoteInfo = "AhmedAmin-Assignment";
		};
		1579D80826911376007633C3 /* PBXContainerItemProxy */ = {
			isa = PBXContainerItemProxy;
			containerPortal = 15DEECEB268E013800B26CB9 /* Project object */;
			proxyType = 1;
			remoteGlobalIDString = 15DEECF2268E013800B26CB9;
			remoteInfo = "AhmedAmin-Assignment";
		};
/* End PBXContainerItemProxy section */

/* Begin PBXFileReference section */
		1579D7F526911365007633C3 /* AhmedAmin-Assignment-Tests.xctest */ = {isa = PBXFileReference; explicitFileType = wrapper.cfbundle; includeInIndex = 0; path = "AhmedAmin-Assignment-Tests.xctest"; sourceTree = BUILT_PRODUCTS_DIR; };
		1579D7F726911365007633C3 /* AhmedAmin_Assignment_Tests.swift */ = {isa = PBXFileReference; lastKnownFileType = sourcecode.swift; path = AhmedAmin_Assignment_Tests.swift; sourceTree = "<group>"; };
		1579D7F926911365007633C3 /* Info.plist */ = {isa = PBXFileReference; lastKnownFileType = text.plist.xml; path = Info.plist; sourceTree = "<group>"; };
		1579D80326911376007633C3 /* AhmedAmin-Assignment-UITests.xctest */ = {isa = PBXFileReference; explicitFileType = wrapper.cfbundle; includeInIndex = 0; path = "AhmedAmin-Assignment-UITests.xctest"; sourceTree = BUILT_PRODUCTS_DIR; };
		1579D80526911376007633C3 /* AhmedAmin_Assignment_UITests.swift */ = {isa = PBXFileReference; lastKnownFileType = sourcecode.swift; path = AhmedAmin_Assignment_UITests.swift; sourceTree = "<group>"; };
		1579D80726911376007633C3 /* Info.plist */ = {isa = PBXFileReference; lastKnownFileType = text.plist.xml; path = Info.plist; sourceTree = "<group>"; };
		1579D80D269113AF007633C3 /* PedometerTests.swift */ = {isa = PBXFileReference; lastKnownFileType = sourcecode.swift; path = PedometerTests.swift; sourceTree = "<group>"; };
		15DEECF3268E013800B26CB9 /* AhmedAmin-Assignment.app */ = {isa = PBXFileReference; explicitFileType = wrapper.application; includeInIndex = 0; path = "AhmedAmin-Assignment.app"; sourceTree = BUILT_PRODUCTS_DIR; };
		15DEECF6268E013800B26CB9 /* AppDelegate.swift */ = {isa = PBXFileReference; lastKnownFileType = sourcecode.swift; path = AppDelegate.swift; sourceTree = "<group>"; };
		15DEECF8268E013800B26CB9 /* SceneDelegate.swift */ = {isa = PBXFileReference; lastKnownFileType = sourcecode.swift; path = SceneDelegate.swift; sourceTree = "<group>"; };
		15DEECFA268E013800B26CB9 /* ViewController.swift */ = {isa = PBXFileReference; lastKnownFileType = sourcecode.swift; path = ViewController.swift; sourceTree = "<group>"; };
		15DEECFD268E013800B26CB9 /* Base */ = {isa = PBXFileReference; lastKnownFileType = file.storyboard; name = Base; path = Base.lproj/Main.storyboard; sourceTree = "<group>"; };
		15DEECFF268E013900B26CB9 /* Assets.xcassets */ = {isa = PBXFileReference; lastKnownFileType = folder.assetcatalog; path = Assets.xcassets; sourceTree = "<group>"; };
		15DEED02268E013900B26CB9 /* Base */ = {isa = PBXFileReference; lastKnownFileType = file.storyboard; name = Base; path = Base.lproj/LaunchScreen.storyboard; sourceTree = "<group>"; };
		15DEED04268E013900B26CB9 /* Info.plist */ = {isa = PBXFileReference; lastKnownFileType = text.plist.xml; path = Info.plist; sourceTree = "<group>"; };
		15DEED0F268E020500B26CB9 /* Pedometer.swift */ = {isa = PBXFileReference; lastKnownFileType = sourcecode.swift; path = Pedometer.swift; sourceTree = "<group>"; };
		15DEED11268E080700B26CB9 /* TripCashing.swift */ = {isa = PBXFileReference; lastKnownFileType = sourcecode.swift; path = TripCashing.swift; sourceTree = "<group>"; };
		15DEED13268E081A00B26CB9 /* Trip.swift */ = {isa = PBXFileReference; lastKnownFileType = sourcecode.swift; path = Trip.swift; sourceTree = "<group>"; };
/* End PBXFileReference section */

/* Begin PBXFrameworksBuildPhase section */
		1579D7F226911365007633C3 /* Frameworks */ = {
			isa = PBXFrameworksBuildPhase;
			buildActionMask = 2147483647;
			files = (
			);
			runOnlyForDeploymentPostprocessing = 0;
		};
		1579D80026911376007633C3 /* Frameworks */ = {
			isa = PBXFrameworksBuildPhase;
			buildActionMask = 2147483647;
			files = (
			);
			runOnlyForDeploymentPostprocessing = 0;
		};
		15DEECF0268E013800B26CB9 /* Frameworks */ = {
			isa = PBXFrameworksBuildPhase;
			buildActionMask = 2147483647;
			files = (
			);
			runOnlyForDeploymentPostprocessing = 0;
		};
/* End PBXFrameworksBuildPhase section */

/* Begin PBXGroup section */
		1579D7F626911365007633C3 /* AhmedAmin-Assignment-Tests */ = {
			isa = PBXGroup;
			children = (
				1579D7F726911365007633C3 /* AhmedAmin_Assignment_Tests.swift */,
				1579D80D269113AF007633C3 /* PedometerTests.swift */,
				1579D7F926911365007633C3 /* Info.plist */,
			);
			path = "AhmedAmin-Assignment-Tests";
			sourceTree = "<group>";
		};
		1579D80426911376007633C3 /* AhmedAmin-Assignment-UITests */ = {
			isa = PBXGroup;
			children = (
				1579D80526911376007633C3 /* AhmedAmin_Assignment_UITests.swift */,
				1579D80726911376007633C3 /* Info.plist */,
			);
			path = "AhmedAmin-Assignment-UITests";
			sourceTree = "<group>";
		};
		15DEECEA268E013800B26CB9 = {
			isa = PBXGroup;
			children = (
				15DEECF5268E013800B26CB9 /* AhmedAmin-Assignment */,
				1579D7F626911365007633C3 /* AhmedAmin-Assignment-Tests */,
				1579D80426911376007633C3 /* AhmedAmin-Assignment-UITests */,
				15DEECF4268E013800B26CB9 /* Products */,
			);
			sourceTree = "<group>";
		};
		15DEECF4268E013800B26CB9 /* Products */ = {
			isa = PBXGroup;
			children = (
				15DEECF3268E013800B26CB9 /* AhmedAmin-Assignment.app */,
				1579D7F526911365007633C3 /* AhmedAmin-Assignment-Tests.xctest */,
				1579D80326911376007633C3 /* AhmedAmin-Assignment-UITests.xctest */,
			);
			name = Products;
			sourceTree = "<group>";
		};
		15DEECF5268E013800B26CB9 /* AhmedAmin-Assignment */ = {
			isa = PBXGroup;
			children = (
				15DEED0A268E014F00B26CB9 /* CoreApplication */,
				15DEED15268E08F000B26CB9 /* Pedometer */,
				15DEED0B268E015F00B26CB9 /* Controller */,
				15DEED0C268E016700B26CB9 /* Storyboard */,
				15DEED0E268E017900B26CB9 /* Configuration */,
				15DEED0D268E017100B26CB9 /* Resources */,
			);
			path = "AhmedAmin-Assignment";
			sourceTree = "<group>";
		};
		15DEED0A268E014F00B26CB9 /* CoreApplication */ = {
			isa = PBXGroup;
			children = (
				15DEECF6268E013800B26CB9 /* AppDelegate.swift */,
				15DEECF8268E013800B26CB9 /* SceneDelegate.swift */,
			);
			path = CoreApplication;
			sourceTree = "<group>";
		};
		15DEED0B268E015F00B26CB9 /* Controller */ = {
			isa = PBXGroup;
			children = (
				15DEECFA268E013800B26CB9 /* ViewController.swift */,
			);
			path = Controller;
			sourceTree = "<group>";
		};
		15DEED0C268E016700B26CB9 /* Storyboard */ = {
			isa = PBXGroup;
			children = (
				15DEECFC268E013800B26CB9 /* Main.storyboard */,
			);
			path = Storyboard;
			sourceTree = "<group>";
		};
		15DEED0D268E017100B26CB9 /* Resources */ = {
			isa = PBXGroup;
			children = (
				15DEECFF268E013900B26CB9 /* Assets.xcassets */,
				15DEED01268E013900B26CB9 /* LaunchScreen.storyboard */,
			);
			path = Resources;
			sourceTree = "<group>";
		};
		15DEED0E268E017900B26CB9 /* Configuration */ = {
			isa = PBXGroup;
			children = (
				15DEED04268E013900B26CB9 /* Info.plist */,
			);
			path = Configuration;
			sourceTree = "<group>";
		};
		15DEED15268E08F000B26CB9 /* Pedometer */ = {
			isa = PBXGroup;
			children = (
				15DEED0F268E020500B26CB9 /* Pedometer.swift */,
				15DEED11268E080700B26CB9 /* TripCashing.swift */,
				15DEED13268E081A00B26CB9 /* Trip.swift */,
			);
			path = Pedometer;
			sourceTree = "<group>";
		};
/* End PBXGroup section */

/* Begin PBXNativeTarget section */
		1579D7F426911365007633C3 /* AhmedAmin-Assignment-Tests */ = {
			isa = PBXNativeTarget;
			buildConfigurationList = 1579D7FE26911365007633C3 /* Build configuration list for PBXNativeTarget "AhmedAmin-Assignment-Tests" */;
			buildPhases = (
				1579D7F126911365007633C3 /* Sources */,
				1579D7F226911365007633C3 /* Frameworks */,
				1579D7F326911365007633C3 /* Resources */,
			);
			buildRules = (
			);
			dependencies = (
				1579D7FB26911365007633C3 /* PBXTargetDependency */,
			);
			name = "AhmedAmin-Assignment-Tests";
			productName = "AhmedAmin-Assignment-Tests";
			productReference = 1579D7F526911365007633C3 /* AhmedAmin-Assignment-Tests.xctest */;
			productType = "com.apple.product-type.bundle.unit-test";
		};
		1579D80226911376007633C3 /* AhmedAmin-Assignment-UITests */ = {
			isa = PBXNativeTarget;
			buildConfigurationList = 1579D80A26911376007633C3 /* Build configuration list for PBXNativeTarget "AhmedAmin-Assignment-UITests" */;
			buildPhases = (
				1579D7FF26911376007633C3 /* Sources */,
				1579D80026911376007633C3 /* Frameworks */,
				1579D80126911376007633C3 /* Resources */,
			);
			buildRules = (
			);
			dependencies = (
				1579D80926911376007633C3 /* PBXTargetDependency */,
			);
			name = "AhmedAmin-Assignment-UITests";
			productName = "AhmedAmin-Assignment-UITests";
			productReference = 1579D80326911376007633C3 /* AhmedAmin-Assignment-UITests.xctest */;
			productType = "com.apple.product-type.bundle.ui-testing";
		};
		15DEECF2268E013800B26CB9 /* AhmedAmin-Assignment */ = {
			isa = PBXNativeTarget;
			buildConfigurationList = 15DEED07268E013900B26CB9 /* Build configuration list for PBXNativeTarget "AhmedAmin-Assignment" */;
			buildPhases = (
				15DEECEF268E013800B26CB9 /* Sources */,
				15DEECF0268E013800B26CB9 /* Frameworks */,
				15DEECF1268E013800B26CB9 /* Resources */,
			);
			buildRules = (
			);
			dependencies = (
			);
			name = "AhmedAmin-Assignment";
			productName = "AhmedAmin-Assignment";
			productReference = 15DEECF3268E013800B26CB9 /* AhmedAmin-Assignment.app */;
			productType = "com.apple.product-type.application";
		};
/* End PBXNativeTarget section */

/* Begin PBXProject section */
		15DEECEB268E013800B26CB9 /* Project object */ = {
			isa = PBXProject;
			attributes = {
				LastSwiftUpdateCheck = 1110;
				LastUpgradeCheck = 1110;
				ORGANIZATIONNAME = AhmedAmin;
				TargetAttributes = {
					1579D7F426911365007633C3 = {
						CreatedOnToolsVersion = 11.1;
						TestTargetID = 15DEECF2268E013800B26CB9;
					};
					1579D80226911376007633C3 = {
						CreatedOnToolsVersion = 11.1;
						TestTargetID = 15DEECF2268E013800B26CB9;
					};
					15DEECF2268E013800B26CB9 = {
						CreatedOnToolsVersion = 11.1;
					};
				};
			};
			buildConfigurationList = 15DEECEE268E013800B26CB9 /* Build configuration list for PBXProject "AhmedAmin-Assignment" */;
			compatibilityVersion = "Xcode 9.3";
			developmentRegion = en;
			hasScannedForEncodings = 0;
			knownRegions = (
				en,
				Base,
			);
			mainGroup = 15DEECEA268E013800B26CB9;
			productRefGroup = 15DEECF4268E013800B26CB9 /* Products */;
			projectDirPath = "";
			projectRoot = "";
			targets = (
				15DEECF2268E013800B26CB9 /* AhmedAmin-Assignment */,
				1579D7F426911365007633C3 /* AhmedAmin-Assignment-Tests */,
				1579D80226911376007633C3 /* AhmedAmin-Assignment-UITests */,
			);
		};
/* End PBXProject section */

/* Begin PBXResourcesBuildPhase section */
		1579D7F326911365007633C3 /* Resources */ = {
			isa = PBXResourcesBuildPhase;
			buildActionMask = 2147483647;
			files = (
			);
			runOnlyForDeploymentPostprocessing = 0;
		};
		1579D80126911376007633C3 /* Resources */ = {
			isa = PBXResourcesBuildPhase;
			buildActionMask = 2147483647;
			files = (
			);
			runOnlyForDeploymentPostprocessing = 0;
		};
		15DEECF1268E013800B26CB9 /* Resources */ = {
			isa = PBXResourcesBuildPhase;
			buildActionMask = 2147483647;
			files = (
				15DEED03268E013900B26CB9 /* LaunchScreen.storyboard in Resources */,
				15DEED00268E013900B26CB9 /* Assets.xcassets in Resources */,
				15DEECFE268E013800B26CB9 /* Main.storyboard in Resources */,
			);
			runOnlyForDeploymentPostprocessing = 0;
		};
/* End PBXResourcesBuildPhase section */

/* Begin PBXSourcesBuildPhase section */
		1579D7F126911365007633C3 /* Sources */ = {
			isa = PBXSourcesBuildPhase;
			buildActionMask = 2147483647;
			files = (
				1579D7F826911365007633C3 /* AhmedAmin_Assignment_Tests.swift in Sources */,
				1579D80E269113AF007633C3 /* PedometerTests.swift in Sources */,
			);
			runOnlyForDeploymentPostprocessing = 0;
		};
		1579D7FF26911376007633C3 /* Sources */ = {
			isa = PBXSourcesBuildPhase;
			buildActionMask = 2147483647;
			files = (
				1579D80626911376007633C3 /* AhmedAmin_Assignment_UITests.swift in Sources */,
			);
			runOnlyForDeploymentPostprocessing = 0;
		};
		15DEECEF268E013800B26CB9 /* Sources */ = {
			isa = PBXSourcesBuildPhase;
			buildActionMask = 2147483647;
			files = (
				15DEED14268E081A00B26CB9 /* Trip.swift in Sources */,
				15DEECFB268E013800B26CB9 /* ViewController.swift in Sources */,
				15DEECF7268E013800B26CB9 /* AppDelegate.swift in Sources */,
				15DEECF9268E013800B26CB9 /* SceneDelegate.swift in Sources */,
				15DEED12268E080700B26CB9 /* TripCashing.swift in Sources */,
				15DEED10268E020500B26CB9 /* Pedometer.swift in Sources */,
			);
			runOnlyForDeploymentPostprocessing = 0;
		};
/* End PBXSourcesBuildPhase section */

/* Begin PBXTargetDependency section */
		1579D7FB26911365007633C3 /* PBXTargetDependency */ = {
			isa = PBXTargetDependency;
			target = 15DEECF2268E013800B26CB9 /* AhmedAmin-Assignment */;
			targetProxy = 1579D7FA26911365007633C3 /* PBXContainerItemProxy */;
		};
		1579D80926911376007633C3 /* PBXTargetDependency */ = {
			isa = PBXTargetDependency;
			target = 15DEECF2268E013800B26CB9 /* AhmedAmin-Assignment */;
			targetProxy = 1579D80826911376007633C3 /* PBXContainerItemProxy */;
		};
/* End PBXTargetDependency section */

/* Begin PBXVariantGroup section */
		15DEECFC268E013800B26CB9 /* Main.storyboard */ = {
			isa = PBXVariantGroup;
			children = (
				15DEECFD268E013800B26CB9 /* Base */,
			);
			name = Main.storyboard;
			sourceTree = "<group>";
		};
		15DEED01268E013900B26CB9 /* LaunchScreen.storyboard */ = {
			isa = PBXVariantGroup;
			children = (
				15DEED02268E013900B26CB9 /* Base */,
			);
			name = LaunchScreen.storyboard;
			sourceTree = "<group>";
		};
/* End PBXVariantGroup section */

/* Begin XCBuildConfiguration section */
		1579D7FC26911365007633C3 /* Debug */ = {
			isa = XCBuildConfiguration;
			buildSettings = {
				BUNDLE_LOADER = "$(TEST_HOST)";
				CODE_SIGN_STYLE = Automatic;
				DEVELOPMENT_TEAM = M4SYRBQBFW;
				INFOPLIST_FILE = "AhmedAmin-Assignment-Tests/Info.plist";
				LD_RUNPATH_SEARCH_PATHS = (
					"$(inherited)",
					"@executable_path/Frameworks",
					"@loader_path/Frameworks",
				);
				PRODUCT_BUNDLE_IDENTIFIER = "com.AhmedAmin.AhmedAmin-Assignment-Tests";
				PRODUCT_NAME = "$(TARGET_NAME)";
				SWIFT_VERSION = 5.0;
				TARGETED_DEVICE_FAMILY = "1,2";
				TEST_HOST = "$(BUILT_PRODUCTS_DIR)/AhmedAmin-Assignment.app/AhmedAmin-Assignment";
			};
			name = Debug;
		};
		1579D7FD26911365007633C3 /* Release */ = {
			isa = XCBuildConfiguration;
			buildSettings = {
				BUNDLE_LOADER = "$(TEST_HOST)";
				CODE_SIGN_STYLE = Automatic;
				DEVELOPMENT_TEAM = M4SYRBQBFW;
				INFOPLIST_FILE = "AhmedAmin-Assignment-Tests/Info.plist";
				LD_RUNPATH_SEARCH_PATHS = (
					"$(inherited)",
					"@executable_path/Frameworks",
					"@loader_path/Frameworks",
				);
				PRODUCT_BUNDLE_IDENTIFIER = "com.AhmedAmin.AhmedAmin-Assignment-Tests";
				PRODUCT_NAME = "$(TARGET_NAME)";
				SWIFT_VERSION = 5.0;
				TARGETED_DEVICE_FAMILY = "1,2";
				TEST_HOST = "$(BUILT_PRODUCTS_DIR)/AhmedAmin-Assignment.app/AhmedAmin-Assignment";
			};
			name = Release;
		};
		1579D80B26911376007633C3 /* Debug */ = {
			isa = XCBuildConfiguration;
			buildSettings = {
				CODE_SIGN_STYLE = Automatic;
				DEVELOPMENT_TEAM = M4SYRBQBFW;
				INFOPLIST_FILE = "AhmedAmin-Assignment-UITests/Info.plist";
				LD_RUNPATH_SEARCH_PATHS = (
					"$(inherited)",
					"@executable_path/Frameworks",
					"@loader_path/Frameworks",
				);
				PRODUCT_BUNDLE_IDENTIFIER = "com.AhmedAmin.AhmedAmin-Assignment-UITests";
				PRODUCT_NAME = "$(TARGET_NAME)";
				SWIFT_VERSION = 5.0;
				TARGETED_DEVICE_FAMILY = "1,2";
				TEST_TARGET_NAME = "AhmedAmin-Assignment";
			};
			name = Debug;
		};
		1579D80C26911376007633C3 /* Release */ = {
			isa = XCBuildConfiguration;
			buildSettings = {
				CODE_SIGN_STYLE = Automatic;
				DEVELOPMENT_TEAM = M4SYRBQBFW;
				INFOPLIST_FILE = "AhmedAmin-Assignment-UITests/Info.plist";
				LD_RUNPATH_SEARCH_PATHS = (
					"$(inherited)",
					"@executable_path/Frameworks",
					"@loader_path/Frameworks",
				);
				PRODUCT_BUNDLE_IDENTIFIER = "com.AhmedAmin.AhmedAmin-Assignment-UITests";
				PRODUCT_NAME = "$(TARGET_NAME)";
				SWIFT_VERSION = 5.0;
				TARGETED_DEVICE_FAMILY = "1,2";
				TEST_TARGET_NAME = "AhmedAmin-Assignment";
			};
			name = Release;
		};
		15DEED05268E013900B26CB9 /* Debug */ = {
			isa = XCBuildConfiguration;
			buildSettings = {
				ALWAYS_SEARCH_USER_PATHS = NO;
				CLANG_ANALYZER_NONNULL = YES;
				CLANG_ANALYZER_NUMBER_OBJECT_CONVERSION = YES_AGGRESSIVE;
				CLANG_CXX_LANGUAGE_STANDARD = "gnu++14";
				CLANG_CXX_LIBRARY = "libc++";
				CLANG_ENABLE_MODULES = YES;
				CLANG_ENABLE_OBJC_ARC = YES;
				CLANG_ENABLE_OBJC_WEAK = YES;
				CLANG_WARN_BLOCK_CAPTURE_AUTORELEASING = YES;
				CLANG_WARN_BOOL_CONVERSION = YES;
				CLANG_WARN_COMMA = YES;
				CLANG_WARN_CONSTANT_CONVERSION = YES;
				CLANG_WARN_DEPRECATED_OBJC_IMPLEMENTATIONS = YES;
				CLANG_WARN_DIRECT_OBJC_ISA_USAGE = YES_ERROR;
				CLANG_WARN_DOCUMENTATION_COMMENTS = YES;
				CLANG_WARN_EMPTY_BODY = YES;
				CLANG_WARN_ENUM_CONVERSION = YES;
				CLANG_WARN_INFINITE_RECURSION = YES;
				CLANG_WARN_INT_CONVERSION = YES;
				CLANG_WARN_NON_LITERAL_NULL_CONVERSION = YES;
				CLANG_WARN_OBJC_IMPLICIT_RETAIN_SELF = YES;
				CLANG_WARN_OBJC_LITERAL_CONVERSION = YES;
				CLANG_WARN_OBJC_ROOT_CLASS = YES_ERROR;
				CLANG_WARN_RANGE_LOOP_ANALYSIS = YES;
				CLANG_WARN_STRICT_PROTOTYPES = YES;
				CLANG_WARN_SUSPICIOUS_MOVE = YES;
				CLANG_WARN_UNGUARDED_AVAILABILITY = YES_AGGRESSIVE;
				CLANG_WARN_UNREACHABLE_CODE = YES;
				CLANG_WARN__DUPLICATE_METHOD_MATCH = YES;
				COPY_PHASE_STRIP = NO;
				DEBUG_INFORMATION_FORMAT = dwarf;
				ENABLE_STRICT_OBJC_MSGSEND = YES;
				ENABLE_TESTABILITY = YES;
				GCC_C_LANGUAGE_STANDARD = gnu11;
				GCC_DYNAMIC_NO_PIC = NO;
				GCC_NO_COMMON_BLOCKS = YES;
				GCC_OPTIMIZATION_LEVEL = 0;
				GCC_PREPROCESSOR_DEFINITIONS = (
					"DEBUG=1",
					"$(inherited)",
				);
				GCC_WARN_64_TO_32_BIT_CONVERSION = YES;
				GCC_WARN_ABOUT_RETURN_TYPE = YES_ERROR;
				GCC_WARN_UNDECLARED_SELECTOR = YES;
				GCC_WARN_UNINITIALIZED_AUTOS = YES_AGGRESSIVE;
				GCC_WARN_UNUSED_FUNCTION = YES;
				GCC_WARN_UNUSED_VARIABLE = YES;
				IPHONEOS_DEPLOYMENT_TARGET = 13.1;
				MTL_ENABLE_DEBUG_INFO = INCLUDE_SOURCE;
				MTL_FAST_MATH = YES;
				ONLY_ACTIVE_ARCH = YES;
				SDKROOT = iphoneos;
				SWIFT_ACTIVE_COMPILATION_CONDITIONS = DEBUG;
				SWIFT_OPTIMIZATION_LEVEL = "-Onone";
			};
			name = Debug;
		};
		15DEED06268E013900B26CB9 /* Release */ = {
			isa = XCBuildConfiguration;
			buildSettings = {
				ALWAYS_SEARCH_USER_PATHS = NO;
				CLANG_ANALYZER_NONNULL = YES;
				CLANG_ANALYZER_NUMBER_OBJECT_CONVERSION = YES_AGGRESSIVE;
				CLANG_CXX_LANGUAGE_STANDARD = "gnu++14";
				CLANG_CXX_LIBRARY = "libc++";
				CLANG_ENABLE_MODULES = YES;
				CLANG_ENABLE_OBJC_ARC = YES;
				CLANG_ENABLE_OBJC_WEAK = YES;
				CLANG_WARN_BLOCK_CAPTURE_AUTORELEASING = YES;
				CLANG_WARN_BOOL_CONVERSION = YES;
				CLANG_WARN_COMMA = YES;
				CLANG_WARN_CONSTANT_CONVERSION = YES;
				CLANG_WARN_DEPRECATED_OBJC_IMPLEMENTATIONS = YES;
				CLANG_WARN_DIRECT_OBJC_ISA_USAGE = YES_ERROR;
				CLANG_WARN_DOCUMENTATION_COMMENTS = YES;
				CLANG_WARN_EMPTY_BODY = YES;
				CLANG_WARN_ENUM_CONVERSION = YES;
				CLANG_WARN_INFINITE_RECURSION = YES;
				CLANG_WARN_INT_CONVERSION = YES;
				CLANG_WARN_NON_LITERAL_NULL_CONVERSION = YES;
				CLANG_WARN_OBJC_IMPLICIT_RETAIN_SELF = YES;
				CLANG_WARN_OBJC_LITERAL_CONVERSION = YES;
				CLANG_WARN_OBJC_ROOT_CLASS = YES_ERROR;
				CLANG_WARN_RANGE_LOOP_ANALYSIS = YES;
				CLANG_WARN_STRICT_PROTOTYPES = YES;
				CLANG_WARN_SUSPICIOUS_MOVE = YES;
				CLANG_WARN_UNGUARDED_AVAILABILITY = YES_AGGRESSIVE;
				CLANG_WARN_UNREACHABLE_CODE = YES;
				CLANG_WARN__DUPLICATE_METHOD_MATCH = YES;
				COPY_PHASE_STRIP = NO;
				DEBUG_INFORMATION_FORMAT = "dwarf-with-dsym";
				ENABLE_NS_ASSERTIONS = NO;
				ENABLE_STRICT_OBJC_MSGSEND = YES;
				GCC_C_LANGUAGE_STANDARD = gnu11;
				GCC_NO_COMMON_BLOCKS = YES;
				GCC_WARN_64_TO_32_BIT_CONVERSION = YES;
				GCC_WARN_ABOUT_RETURN_TYPE = YES_ERROR;
				GCC_WARN_UNDECLARED_SELECTOR = YES;
				GCC_WARN_UNINITIALIZED_AUTOS = YES_AGGRESSIVE;
				GCC_WARN_UNUSED_FUNCTION = YES;
				GCC_WARN_UNUSED_VARIABLE = YES;
				IPHONEOS_DEPLOYMENT_TARGET = 13.1;
				MTL_ENABLE_DEBUG_INFO = NO;
				MTL_FAST_MATH = YES;
				SDKROOT = iphoneos;
				SWIFT_COMPILATION_MODE = wholemodule;
				SWIFT_OPTIMIZATION_LEVEL = "-O";
				VALIDATE_PRODUCT = YES;
			};
			name = Release;
		};
		15DEED08268E013900B26CB9 /* Debug */ = {
			isa = XCBuildConfiguration;
			buildSettings = {
				ASSETCATALOG_COMPILER_APPICON_NAME = AppIcon;
				CODE_SIGN_STYLE = Automatic;
				DEVELOPMENT_TEAM = M4SYRBQBFW;
				INFOPLIST_FILE = "AhmedAmin-Assignment/Configuration/Info.plist";
				LD_RUNPATH_SEARCH_PATHS = (
					"$(inherited)",
					"@executable_path/Frameworks",
				);
				PRODUCT_BUNDLE_IDENTIFIER = "com.AhmedAmin.AhmedAmin-Assignment";
				PRODUCT_NAME = "$(TARGET_NAME)";
				SWIFT_VERSION = 5.0;
				TARGETED_DEVICE_FAMILY = 1;
			};
			name = Debug;
		};
		15DEED09268E013900B26CB9 /* Release */ = {
			isa = XCBuildConfiguration;
			buildSettings = {
				ASSETCATALOG_COMPILER_APPICON_NAME = AppIcon;
				CODE_SIGN_STYLE = Automatic;
				DEVELOPMENT_TEAM = M4SYRBQBFW;
				INFOPLIST_FILE = "AhmedAmin-Assignment/Configuration/Info.plist";
				LD_RUNPATH_SEARCH_PATHS = (
					"$(inherited)",
					"@executable_path/Frameworks",
				);
				PRODUCT_BUNDLE_IDENTIFIER = "com.AhmedAmin.AhmedAmin-Assignment";
				PRODUCT_NAME = "$(TARGET_NAME)";
				SWIFT_VERSION = 5.0;
				TARGETED_DEVICE_FAMILY = 1;
			};
			name = Release;
		};
/* End XCBuildConfiguration section */

/* Begin XCConfigurationList section */
		1579D7FE26911365007633C3 /* Build configuration list for PBXNativeTarget "AhmedAmin-Assignment-Tests" */ = {
			isa = XCConfigurationList;
			buildConfigurations = (
				1579D7FC26911365007633C3 /* Debug */,
				1579D7FD26911365007633C3 /* Release */,
			);
			defaultConfigurationIsVisible = 0;
			defaultConfigurationName = Release;
		};
		1579D80A26911376007633C3 /* Build configuration list for PBXNativeTarget "AhmedAmin-Assignment-UITests" */ = {
			isa = XCConfigurationList;
			buildConfigurations = (
				1579D80B26911376007633C3 /* Debug */,
				1579D80C26911376007633C3 /* Release */,
			);
			defaultConfigurationIsVisible = 0;
			defaultConfigurationName = Release;
		};
		15DEECEE268E013800B26CB9 /* Build configuration list for PBXProject "AhmedAmin-Assignment" */ = {
			isa = XCConfigurationList;
			buildConfigurations = (
				15DEED05268E013900B26CB9 /* Debug */,
				15DEED06268E013900B26CB9 /* Release */,
			);
			defaultConfigurationIsVisible = 0;
			defaultConfigurationName = Release;
		};
		15DEED07268E013900B26CB9 /* Build configuration list for PBXNativeTarget "AhmedAmin-Assignment" */ = {
			isa = XCConfigurationList;
			buildConfigurations = (
				15DEED08268E013900B26CB9 /* Debug */,
				15DEED09268E013900B26CB9 /* Release */,
			);
			defaultConfigurationIsVisible = 0;
			defaultConfigurationName = Release;
		};
/* End XCConfigurationList section */
	};
	rootObject = 15DEECEB268E013800B26CB9 /* Project object */;
}
